// !$*UTF8*$!
{
	archiveVersion = 1;
	classes = {
	};
	objectVersion = 55;
	objects = {

/* Begin PBXBuildFile section */
		B2D0780890D35C1E1F3A5F44 /* Pods_OpenWeather.framework in Frameworks */ = {isa = PBXBuildFile; fileRef = 3DA5B60459DCC08CA7BDED38 /* Pods_OpenWeather.framework */; };
		F1FF1A7D29A89AB700A10EFA /* AppDelegate.swift in Sources */ = {isa = PBXBuildFile; fileRef = F1FF1A7C29A89AB700A10EFA /* AppDelegate.swift */; };
		F1FF1A7F29A89AB700A10EFA /* SceneDelegate.swift in Sources */ = {isa = PBXBuildFile; fileRef = F1FF1A7E29A89AB700A10EFA /* SceneDelegate.swift */; };
		F1FF1A8629A89AB800A10EFA /* Assets.xcassets in Resources */ = {isa = PBXBuildFile; fileRef = F1FF1A8529A89AB800A10EFA /* Assets.xcassets */; };
		F1FF1A8929A89AB800A10EFA /* LaunchScreen.storyboard in Resources */ = {isa = PBXBuildFile; fileRef = F1FF1A8729A89AB800A10EFA /* LaunchScreen.storyboard */; };
		F1FF1A9329A89D1000A10EFA /* MainViewController.swift in Sources */ = {isa = PBXBuildFile; fileRef = F1FF1A9229A89D1000A10EFA /* MainViewController.swift */; };
		F1FF1A9529A89D1500A10EFA /* MainViewReactor.swift in Sources */ = {isa = PBXBuildFile; fileRef = F1FF1A9429A89D1500A10EFA /* MainViewReactor.swift */; };
		F1FF1A9729A89D1900A10EFA /* MainView.swift in Sources */ = {isa = PBXBuildFile; fileRef = F1FF1A9629A89D1900A10EFA /* MainView.swift */; };
		F1FF1A9929A89D2000A10EFA /* SearchViewController.swift in Sources */ = {isa = PBXBuildFile; fileRef = F1FF1A9829A89D2000A10EFA /* SearchViewController.swift */; };
		F1FF1A9B29A89D2500A10EFA /* SearchViewReactor.swift in Sources */ = {isa = PBXBuildFile; fileRef = F1FF1A9A29A89D2500A10EFA /* SearchViewReactor.swift */; };
		F1FF1A9D29A89D2900A10EFA /* SearchView.swift in Sources */ = {isa = PBXBuildFile; fileRef = F1FF1A9C29A89D2900A10EFA /* SearchView.swift */; };
		F1FF1AA029A8A00B00A10EFA /* Array+.swift in Sources */ = {isa = PBXBuildFile; fileRef = F1FF1A9F29A8A00B00A10EFA /* Array+.swift */; };
		F1FF1AA229A8A02300A10EFA /* UITableView+.swift in Sources */ = {isa = PBXBuildFile; fileRef = F1FF1AA129A8A02300A10EFA /* UITableView+.swift */; };
		F1FF1AA429A8A03300A10EFA /* UICollectionView+.swift in Sources */ = {isa = PBXBuildFile; fileRef = F1FF1AA329A8A03300A10EFA /* UICollectionView+.swift */; };
		F1FF1AA729A8A0A600A10EFA /* Host.swift in Sources */ = {isa = PBXBuildFile; fileRef = F1FF1AA629A8A0A600A10EFA /* Host.swift */; };
		F1FF1AA929A8A14700A10EFA /* APIKey.swift in Sources */ = {isa = PBXBuildFile; fileRef = F1FF1AA829A8A14700A10EFA /* APIKey.swift */; };
		F1FF1AAC29A8A23D00A10EFA /* WeatherAPI.swift in Sources */ = {isa = PBXBuildFile; fileRef = F1FF1AAB29A8A23D00A10EFA /* WeatherAPI.swift */; };
		F1FF1AAF29A8A63F00A10EFA /* Weather.swift in Sources */ = {isa = PBXBuildFile; fileRef = F1FF1AAE29A8A63F00A10EFA /* Weather.swift */; };
		F1FF1AB129A8A76000A10EFA /* Encodable+.swift in Sources */ = {isa = PBXBuildFile; fileRef = F1FF1AB029A8A76000A10EFA /* Encodable+.swift */; };
		F1FF1AB329A8A82A00A10EFA /* MoyaProvider+.swift in Sources */ = {isa = PBXBuildFile; fileRef = F1FF1AB229A8A82A00A10EFA /* MoyaProvider+.swift */; };
		F1FF1ABA29A8B83700A10EFA /* MainHeaderTableViewCell.swift in Sources */ = {isa = PBXBuildFile; fileRef = F1FF1AB929A8B83700A10EFA /* MainHeaderTableViewCell.swift */; };
		F1FF1ABC29A8BB4E00A10EFA /* MainTodayWeatherCollectionTableViewCell.swift in Sources */ = {isa = PBXBuildFile; fileRef = F1FF1ABB29A8BB4E00A10EFA /* MainTodayWeatherCollectionTableViewCell.swift */; };
		F1FF1ABE29A8BB7C00A10EFA /* MainWeatherTableViewCell.swift in Sources */ = {isa = PBXBuildFile; fileRef = F1FF1ABD29A8BB7C00A10EFA /* MainWeatherTableViewCell.swift */; };
		F1FF1AC029A8BBB300A10EFA /* MainPrecipitationTableViewCell.swift in Sources */ = {isa = PBXBuildFile; fileRef = F1FF1ABF29A8BBB300A10EFA /* MainPrecipitationTableViewCell.swift */; };
		F1FF1AC229A8BBD500A10EFA /* MainETCTCollectionTableViewCell.swift in Sources */ = {isa = PBXBuildFile; fileRef = F1FF1AC129A8BBD500A10EFA /* MainETCTCollectionTableViewCell.swift */; };
		F1FF1AC429A8BC5900A10EFA /* MainTodayWeatherCollectionViewCell.swift in Sources */ = {isa = PBXBuildFile; fileRef = F1FF1AC329A8BC5900A10EFA /* MainTodayWeatherCollectionViewCell.swift */; };
		F1FF1AC629A8CA1E00A10EFA /* Int+Date.swift in Sources */ = {isa = PBXBuildFile; fileRef = F1FF1AC529A8CA1E00A10EFA /* Int+Date.swift */; };
		F1FF1AC829A8DDA900A10EFA /* MainTitleTableViewCell.swift in Sources */ = {isa = PBXBuildFile; fileRef = F1FF1AC729A8DDA900A10EFA /* MainTitleTableViewCell.swift */; };
		F1FF1ACA29A8E2E900A10EFA /* DateManager.swift in Sources */ = {isa = PBXBuildFile; fileRef = F1FF1AC929A8E2E900A10EFA /* DateManager.swift */; };
		F1FF1ACD29A8FEA300A10EFA /* MainETCCollectionViewCell.swift in Sources */ = {isa = PBXBuildFile; fileRef = F1FF1ACC29A8FEA300A10EFA /* MainETCCollectionViewCell.swift */; };
		F1FF1AD029A907C000A10EFA /* citylist.json in Resources */ = {isa = PBXBuildFile; fileRef = F1FF1ACF29A907C000A10EFA /* citylist.json */; };
		F1FF1AD229A9082500A10EFA /* City.swift in Sources */ = {isa = PBXBuildFile; fileRef = F1FF1AD129A9082500A10EFA /* City.swift */; };
		F1FF1AD729A908F800A10EFA /* LocalProvider.swift in Sources */ = {isa = PBXBuildFile; fileRef = F1FF1AD629A908F800A10EFA /* LocalProvider.swift */; };
		F1FF1ADA29A9097C00A10EFA /* CityAPI.swift in Sources */ = {isa = PBXBuildFile; fileRef = F1FF1AD929A9097C00A10EFA /* CityAPI.swift */; };
		F1FF1ADC29A909C100A10EFA /* LocalTarget.swift in Sources */ = {isa = PBXBuildFile; fileRef = F1FF1ADB29A909C100A10EFA /* LocalTarget.swift */; };
		F1FF1AE029A9BF0200A10EFA /* SearchTableViewCell.swift in Sources */ = {isa = PBXBuildFile; fileRef = F1FF1ADF29A9BF0200A10EFA /* SearchTableViewCell.swift */; };
		F1FF1AE429A9C3B400A10EFA /* CommonTextField.swift in Sources */ = {isa = PBXBuildFile; fileRef = F1FF1AE329A9C3B400A10EFA /* CommonTextField.swift */; };
		F1FF1AE829A9DD1800A10EFA /* Location.swift in Sources */ = {isa = PBXBuildFile; fileRef = F1FF1AE729A9DD1800A10EFA /* Location.swift */; };
		F1FF1AEB29A9EF2A00A10EFA /* UIColor+DesignSystem.swift in Sources */ = {isa = PBXBuildFile; fileRef = F1FF1AEA29A9EF2A00A10EFA /* UIColor+DesignSystem.swift */; };
		F1FF1AED29AA443500A10EFA /* SearchSection.swift in Sources */ = {isa = PBXBuildFile; fileRef = F1FF1AEC29AA443500A10EFA /* SearchSection.swift */; };
		F1FF1AEF29AA4A4F00A10EFA /* UIViewController+Rx.swift in Sources */ = {isa = PBXBuildFile; fileRef = F1FF1AEE29AA4A4F00A10EFA /* UIViewController+Rx.swift */; };
		F1FF1AF129AA4A9200A10EFA /* UITableView+Rx.swift in Sources */ = {isa = PBXBuildFile; fileRef = F1FF1AF029AA4A9200A10EFA /* UITableView+Rx.swift */; };
		F1FF1AF329AA4F7300A10EFA /* MainSection.swift in Sources */ = {isa = PBXBuildFile; fileRef = F1FF1AF229AA4F7300A10EFA /* MainSection.swift */; };
		F1FF1AF529AB2B3700A10EFA /* LocationManager.swift in Sources */ = {isa = PBXBuildFile; fileRef = F1FF1AF429AB2B3700A10EFA /* LocationManager.swift */; };
		F1FF1AF929AB31DA00A10EFA /* UIScrollView+Rx.swift in Sources */ = {isa = PBXBuildFile; fileRef = F1FF1AF829AB31DA00A10EFA /* UIScrollView+Rx.swift */; };
/* End PBXBuildFile section */

/* Begin PBXFileReference section */
		3DA5B60459DCC08CA7BDED38 /* Pods_OpenWeather.framework */ = {isa = PBXFileReference; explicitFileType = wrapper.framework; includeInIndex = 0; path = Pods_OpenWeather.framework; sourceTree = BUILT_PRODUCTS_DIR; };
		4FFD56A9437572C36586E746 /* Pods-OpenWeather.debug.xcconfig */ = {isa = PBXFileReference; includeInIndex = 1; lastKnownFileType = text.xcconfig; name = "Pods-OpenWeather.debug.xcconfig"; path = "Target Support Files/Pods-OpenWeather/Pods-OpenWeather.debug.xcconfig"; sourceTree = "<group>"; };
		A1A527F54DE1C814ADAFCE48 /* Pods-OpenWeather.release.xcconfig */ = {isa = PBXFileReference; includeInIndex = 1; lastKnownFileType = text.xcconfig; name = "Pods-OpenWeather.release.xcconfig"; path = "Target Support Files/Pods-OpenWeather/Pods-OpenWeather.release.xcconfig"; sourceTree = "<group>"; };
		F1FF1A7929A89AB700A10EFA /* OpenWeather.app */ = {isa = PBXFileReference; explicitFileType = wrapper.application; includeInIndex = 0; path = OpenWeather.app; sourceTree = BUILT_PRODUCTS_DIR; };
		F1FF1A7C29A89AB700A10EFA /* AppDelegate.swift */ = {isa = PBXFileReference; lastKnownFileType = sourcecode.swift; path = AppDelegate.swift; sourceTree = "<group>"; };
		F1FF1A7E29A89AB700A10EFA /* SceneDelegate.swift */ = {isa = PBXFileReference; lastKnownFileType = sourcecode.swift; path = SceneDelegate.swift; sourceTree = "<group>"; };
		F1FF1A8529A89AB800A10EFA /* Assets.xcassets */ = {isa = PBXFileReference; lastKnownFileType = folder.assetcatalog; path = Assets.xcassets; sourceTree = "<group>"; };
		F1FF1A8829A89AB800A10EFA /* Base */ = {isa = PBXFileReference; lastKnownFileType = file.storyboard; name = Base; path = Base.lproj/LaunchScreen.storyboard; sourceTree = "<group>"; };
		F1FF1A8A29A89AB800A10EFA /* Info.plist */ = {isa = PBXFileReference; lastKnownFileType = text.plist.xml; path = Info.plist; sourceTree = "<group>"; };
		F1FF1A9229A89D1000A10EFA /* MainViewController.swift */ = {isa = PBXFileReference; lastKnownFileType = sourcecode.swift; path = MainViewController.swift; sourceTree = "<group>"; };
		F1FF1A9429A89D1500A10EFA /* MainViewReactor.swift */ = {isa = PBXFileReference; lastKnownFileType = sourcecode.swift; path = MainViewReactor.swift; sourceTree = "<group>"; };
		F1FF1A9629A89D1900A10EFA /* MainView.swift */ = {isa = PBXFileReference; lastKnownFileType = sourcecode.swift; path = MainView.swift; sourceTree = "<group>"; };
		F1FF1A9829A89D2000A10EFA /* SearchViewController.swift */ = {isa = PBXFileReference; lastKnownFileType = sourcecode.swift; path = SearchViewController.swift; sourceTree = "<group>"; };
		F1FF1A9A29A89D2500A10EFA /* SearchViewReactor.swift */ = {isa = PBXFileReference; lastKnownFileType = sourcecode.swift; path = SearchViewReactor.swift; sourceTree = "<group>"; };
		F1FF1A9C29A89D2900A10EFA /* SearchView.swift */ = {isa = PBXFileReference; lastKnownFileType = sourcecode.swift; path = SearchView.swift; sourceTree = "<group>"; };
		F1FF1A9F29A8A00B00A10EFA /* Array+.swift */ = {isa = PBXFileReference; lastKnownFileType = sourcecode.swift; path = "Array+.swift"; sourceTree = "<group>"; };
		F1FF1AA129A8A02300A10EFA /* UITableView+.swift */ = {isa = PBXFileReference; lastKnownFileType = sourcecode.swift; path = "UITableView+.swift"; sourceTree = "<group>"; };
		F1FF1AA329A8A03300A10EFA /* UICollectionView+.swift */ = {isa = PBXFileReference; lastKnownFileType = sourcecode.swift; path = "UICollectionView+.swift"; sourceTree = "<group>"; };
		F1FF1AA629A8A0A600A10EFA /* Host.swift */ = {isa = PBXFileReference; lastKnownFileType = sourcecode.swift; path = Host.swift; sourceTree = "<group>"; };
		F1FF1AA829A8A14700A10EFA /* APIKey.swift */ = {isa = PBXFileReference; lastKnownFileType = sourcecode.swift; path = APIKey.swift; sourceTree = "<group>"; };
		F1FF1AAB29A8A23D00A10EFA /* WeatherAPI.swift */ = {isa = PBXFileReference; lastKnownFileType = sourcecode.swift; path = WeatherAPI.swift; sourceTree = "<group>"; };
		F1FF1AAE29A8A63F00A10EFA /* Weather.swift */ = {isa = PBXFileReference; lastKnownFileType = sourcecode.swift; path = Weather.swift; sourceTree = "<group>"; };
		F1FF1AB029A8A76000A10EFA /* Encodable+.swift */ = {isa = PBXFileReference; lastKnownFileType = sourcecode.swift; path = "Encodable+.swift"; sourceTree = "<group>"; };
		F1FF1AB229A8A82A00A10EFA /* MoyaProvider+.swift */ = {isa = PBXFileReference; lastKnownFileType = sourcecode.swift; path = "MoyaProvider+.swift"; sourceTree = "<group>"; };
		F1FF1AB929A8B83700A10EFA /* MainHeaderTableViewCell.swift */ = {isa = PBXFileReference; lastKnownFileType = sourcecode.swift; path = MainHeaderTableViewCell.swift; sourceTree = "<group>"; };
		F1FF1ABB29A8BB4E00A10EFA /* MainTodayWeatherCollectionTableViewCell.swift */ = {isa = PBXFileReference; lastKnownFileType = sourcecode.swift; path = MainTodayWeatherCollectionTableViewCell.swift; sourceTree = "<group>"; };
		F1FF1ABD29A8BB7C00A10EFA /* MainWeatherTableViewCell.swift */ = {isa = PBXFileReference; lastKnownFileType = sourcecode.swift; path = MainWeatherTableViewCell.swift; sourceTree = "<group>"; };
		F1FF1ABF29A8BBB300A10EFA /* MainPrecipitationTableViewCell.swift */ = {isa = PBXFileReference; lastKnownFileType = sourcecode.swift; path = MainPrecipitationTableViewCell.swift; sourceTree = "<group>"; };
		F1FF1AC129A8BBD500A10EFA /* MainETCTCollectionTableViewCell.swift */ = {isa = PBXFileReference; lastKnownFileType = sourcecode.swift; path = MainETCTCollectionTableViewCell.swift; sourceTree = "<group>"; };
		F1FF1AC329A8BC5900A10EFA /* MainTodayWeatherCollectionViewCell.swift */ = {isa = PBXFileReference; lastKnownFileType = sourcecode.swift; path = MainTodayWeatherCollectionViewCell.swift; sourceTree = "<group>"; };
		F1FF1AC529A8CA1E00A10EFA /* Int+Date.swift */ = {isa = PBXFileReference; lastKnownFileType = sourcecode.swift; path = "Int+Date.swift"; sourceTree = "<group>"; };
		F1FF1AC729A8DDA900A10EFA /* MainTitleTableViewCell.swift */ = {isa = PBXFileReference; lastKnownFileType = sourcecode.swift; path = MainTitleTableViewCell.swift; sourceTree = "<group>"; };
		F1FF1AC929A8E2E900A10EFA /* DateManager.swift */ = {isa = PBXFileReference; lastKnownFileType = sourcecode.swift; path = DateManager.swift; sourceTree = "<group>"; };
		F1FF1ACC29A8FEA300A10EFA /* MainETCCollectionViewCell.swift */ = {isa = PBXFileReference; lastKnownFileType = sourcecode.swift; path = MainETCCollectionViewCell.swift; sourceTree = "<group>"; };
		F1FF1ACF29A907C000A10EFA /* citylist.json */ = {isa = PBXFileReference; fileEncoding = 4; lastKnownFileType = text.json; path = citylist.json; sourceTree = "<group>"; };
		F1FF1AD129A9082500A10EFA /* City.swift */ = {isa = PBXFileReference; lastKnownFileType = sourcecode.swift; path = City.swift; sourceTree = "<group>"; };
		F1FF1AD629A908F800A10EFA /* LocalProvider.swift */ = {isa = PBXFileReference; lastKnownFileType = sourcecode.swift; path = LocalProvider.swift; sourceTree = "<group>"; };
		F1FF1AD929A9097C00A10EFA /* CityAPI.swift */ = {isa = PBXFileReference; lastKnownFileType = sourcecode.swift; path = CityAPI.swift; sourceTree = "<group>"; };
		F1FF1ADB29A909C100A10EFA /* LocalTarget.swift */ = {isa = PBXFileReference; lastKnownFileType = sourcecode.swift; path = LocalTarget.swift; sourceTree = "<group>"; };
		F1FF1ADF29A9BF0200A10EFA /* SearchTableViewCell.swift */ = {isa = PBXFileReference; lastKnownFileType = sourcecode.swift; path = SearchTableViewCell.swift; sourceTree = "<group>"; };
		F1FF1AE329A9C3B400A10EFA /* CommonTextField.swift */ = {isa = PBXFileReference; lastKnownFileType = sourcecode.swift; path = CommonTextField.swift; sourceTree = "<group>"; };
		F1FF1AE729A9DD1800A10EFA /* Location.swift */ = {isa = PBXFileReference; lastKnownFileType = sourcecode.swift; path = Location.swift; sourceTree = "<group>"; };
		F1FF1AEA29A9EF2A00A10EFA /* UIColor+DesignSystem.swift */ = {isa = PBXFileReference; lastKnownFileType = sourcecode.swift; path = "UIColor+DesignSystem.swift"; sourceTree = "<group>"; };
		F1FF1AEC29AA443500A10EFA /* SearchSection.swift */ = {isa = PBXFileReference; lastKnownFileType = sourcecode.swift; path = SearchSection.swift; sourceTree = "<group>"; };
		F1FF1AEE29AA4A4F00A10EFA /* UIViewController+Rx.swift */ = {isa = PBXFileReference; lastKnownFileType = sourcecode.swift; path = "UIViewController+Rx.swift"; sourceTree = "<group>"; };
		F1FF1AF029AA4A9200A10EFA /* UITableView+Rx.swift */ = {isa = PBXFileReference; lastKnownFileType = sourcecode.swift; path = "UITableView+Rx.swift"; sourceTree = "<group>"; };
		F1FF1AF229AA4F7300A10EFA /* MainSection.swift */ = {isa = PBXFileReference; lastKnownFileType = sourcecode.swift; path = MainSection.swift; sourceTree = "<group>"; };
		F1FF1AF429AB2B3700A10EFA /* LocationManager.swift */ = {isa = PBXFileReference; lastKnownFileType = sourcecode.swift; path = LocationManager.swift; sourceTree = "<group>"; };
		F1FF1AF829AB31DA00A10EFA /* UIScrollView+Rx.swift */ = {isa = PBXFileReference; lastKnownFileType = sourcecode.swift; path = "UIScrollView+Rx.swift"; sourceTree = "<group>"; };
/* End PBXFileReference section */

/* Begin PBXFrameworksBuildPhase section */
		F1FF1A7629A89AB700A10EFA /* Frameworks */ = {
			isa = PBXFrameworksBuildPhase;
			buildActionMask = 2147483647;
			files = (
				B2D0780890D35C1E1F3A5F44 /* Pods_OpenWeather.framework in Frameworks */,
			);
			runOnlyForDeploymentPostprocessing = 0;
		};
/* End PBXFrameworksBuildPhase section */

/* Begin PBXGroup section */
		0A31CB78018F50C080855FF1 /* Frameworks */ = {
			isa = PBXGroup;
			children = (
				3DA5B60459DCC08CA7BDED38 /* Pods_OpenWeather.framework */,
			);
			name = Frameworks;
			sourceTree = "<group>";
		};
		4E196E036ADDB59C720732AC /* Pods */ = {
			isa = PBXGroup;
			children = (
				4FFD56A9437572C36586E746 /* Pods-OpenWeather.debug.xcconfig */,
				A1A527F54DE1C814ADAFCE48 /* Pods-OpenWeather.release.xcconfig */,
			);
			path = Pods;
			sourceTree = "<group>";
		};
		F1FF1A7029A89AB700A10EFA = {
			isa = PBXGroup;
			children = (
				F1FF1A7B29A89AB700A10EFA /* OpenWeather */,
				F1FF1A7A29A89AB700A10EFA /* Products */,
				4E196E036ADDB59C720732AC /* Pods */,
				0A31CB78018F50C080855FF1 /* Frameworks */,
			);
			sourceTree = "<group>";
		};
		F1FF1A7A29A89AB700A10EFA /* Products */ = {
			isa = PBXGroup;
			children = (
				F1FF1A7929A89AB700A10EFA /* OpenWeather.app */,
			);
			name = Products;
			sourceTree = "<group>";
		};
		F1FF1A7B29A89AB700A10EFA /* OpenWeather */ = {
			isa = PBXGroup;
			children = (
				F1FF1A7C29A89AB700A10EFA /* AppDelegate.swift */,
				F1FF1A7E29A89AB700A10EFA /* SceneDelegate.swift */,
				F1FF1AD329A908E600A10EFA /* Local */,
				F1FF1AA529A8A09A00A10EFA /* Network */,
				F1FF1A9E29A8A00300A10EFA /* Extension */,
				F1FF1ACB29A8E31F00A10EFA /* Manager */,
				F1FF1AE129A9C3A300A10EFA /* Common */,
				F1FF1A9029A89CF500A10EFA /* Main */,
				F1FF1A9129A89CFB00A10EFA /* Search */,
				F1FF1A8529A89AB800A10EFA /* Assets.xcassets */,
				F1FF1ACF29A907C000A10EFA /* citylist.json */,
				F1FF1A8729A89AB800A10EFA /* LaunchScreen.storyboard */,
				F1FF1A8A29A89AB800A10EFA /* Info.plist */,
			);
			path = OpenWeather;
			sourceTree = "<group>";
		};
		F1FF1A9029A89CF500A10EFA /* Main */ = {
			isa = PBXGroup;
			children = (
				F1FF1A9229A89D1000A10EFA /* MainViewController.swift */,
				F1FF1A9429A89D1500A10EFA /* MainViewReactor.swift */,
				F1FF1A9629A89D1900A10EFA /* MainView.swift */,
				F1FF1AF229AA4F7300A10EFA /* MainSection.swift */,
				F1FF1AB829A8B82200A10EFA /* Component */,
			);
			path = Main;
			sourceTree = "<group>";
		};
		F1FF1A9129A89CFB00A10EFA /* Search */ = {
			isa = PBXGroup;
			children = (
				F1FF1A9829A89D2000A10EFA /* SearchViewController.swift */,
				F1FF1A9A29A89D2500A10EFA /* SearchViewReactor.swift */,
				F1FF1A9C29A89D2900A10EFA /* SearchView.swift */,
				F1FF1ADF29A9BF0200A10EFA /* SearchTableViewCell.swift */,
				F1FF1AEC29AA443500A10EFA /* SearchSection.swift */,
			);
			path = Search;
			sourceTree = "<group>";
		};
		F1FF1A9E29A8A00300A10EFA /* Extension */ = {
			isa = PBXGroup;
			children = (
				F1FF1A9F29A8A00B00A10EFA /* Array+.swift */,
				F1FF1AA129A8A02300A10EFA /* UITableView+.swift */,
				F1FF1AA329A8A03300A10EFA /* UICollectionView+.swift */,
				F1FF1AB029A8A76000A10EFA /* Encodable+.swift */,
				F1FF1AC529A8CA1E00A10EFA /* Int+Date.swift */,
				F1FF1AEA29A9EF2A00A10EFA /* UIColor+DesignSystem.swift */,
				F1FF1AF029AA4A9200A10EFA /* UITableView+Rx.swift */,
				F1FF1AEE29AA4A4F00A10EFA /* UIViewController+Rx.swift */,
				F1FF1AF829AB31DA00A10EFA /* UIScrollView+Rx.swift */,
			);
			path = Extension;
			sourceTree = "<group>";
		};
		F1FF1AA529A8A09A00A10EFA /* Network */ = {
			isa = PBXGroup;
			children = (
				F1FF1AA829A8A14700A10EFA /* APIKey.swift */,
				F1FF1AA629A8A0A600A10EFA /* Host.swift */,
				F1FF1AB229A8A82A00A10EFA /* MoyaProvider+.swift */,
				F1FF1AAA29A8A1D900A10EFA /* API */,
				F1FF1AAD29A8A62300A10EFA /* Model */,
			);
			path = Network;
			sourceTree = "<group>";
		};
		F1FF1AAA29A8A1D900A10EFA /* API */ = {
			isa = PBXGroup;
			children = (
				F1FF1AAB29A8A23D00A10EFA /* WeatherAPI.swift */,
			);
			path = API;
			sourceTree = "<group>";
		};
		F1FF1AAD29A8A62300A10EFA /* Model */ = {
			isa = PBXGroup;
			children = (
				F1FF1AAE29A8A63F00A10EFA /* Weather.swift */,
			);
			path = Model;
			sourceTree = "<group>";
		};
		F1FF1AB829A8B82200A10EFA /* Component */ = {
			isa = PBXGroup;
			children = (
				F1FF1AB929A8B83700A10EFA /* MainHeaderTableViewCell.swift */,
				F1FF1AC729A8DDA900A10EFA /* MainTitleTableViewCell.swift */,
				F1FF1ABB29A8BB4E00A10EFA /* MainTodayWeatherCollectionTableViewCell.swift */,
				F1FF1AC329A8BC5900A10EFA /* MainTodayWeatherCollectionViewCell.swift */,
				F1FF1ABD29A8BB7C00A10EFA /* MainWeatherTableViewCell.swift */,
				F1FF1ABF29A8BBB300A10EFA /* MainPrecipitationTableViewCell.swift */,
				F1FF1AC129A8BBD500A10EFA /* MainETCTCollectionTableViewCell.swift */,
				F1FF1ACC29A8FEA300A10EFA /* MainETCCollectionViewCell.swift */,
			);
			path = Component;
			sourceTree = "<group>";
		};
		F1FF1ACB29A8E31F00A10EFA /* Manager */ = {
			isa = PBXGroup;
			children = (
				F1FF1AC929A8E2E900A10EFA /* DateManager.swift */,
				F1FF1AF429AB2B3700A10EFA /* LocationManager.swift */,
			);
			path = Manager;
			sourceTree = "<group>";
		};
		F1FF1AD329A908E600A10EFA /* Local */ = {
			isa = PBXGroup;
			children = (
				F1FF1AD629A908F800A10EFA /* LocalProvider.swift */,
				F1FF1ADB29A909C100A10EFA /* LocalTarget.swift */,
				F1FF1AD829A9097100A10EFA /* API */,
				F1FF1AD429A908EA00A10EFA /* Model */,
			);
			path = Local;
			sourceTree = "<group>";
		};
		F1FF1AD429A908EA00A10EFA /* Model */ = {
			isa = PBXGroup;
			children = (
				F1FF1AD129A9082500A10EFA /* City.swift */,
			);
			path = Model;
			sourceTree = "<group>";
		};
		F1FF1AD829A9097100A10EFA /* API */ = {
			isa = PBXGroup;
			children = (
				F1FF1AD929A9097C00A10EFA /* CityAPI.swift */,
			);
			path = API;
			sourceTree = "<group>";
		};
		F1FF1AE129A9C3A300A10EFA /* Common */ = {
			isa = PBXGroup;
			children = (
				F1FF1AE729A9DD1800A10EFA /* Location.swift */,
				F1FF1AE229A9C3AC00A10EFA /* View */,
			);
			path = Common;
			sourceTree = "<group>";
		};
		F1FF1AE229A9C3AC00A10EFA /* View */ = {
			isa = PBXGroup;
			children = (
				F1FF1AE329A9C3B400A10EFA /* CommonTextField.swift */,
			);
			path = View;
			sourceTree = "<group>";
		};
/* End PBXGroup section */

/* Begin PBXNativeTarget section */
		F1FF1A7829A89AB700A10EFA /* OpenWeather */ = {
			isa = PBXNativeTarget;
			buildConfigurationList = F1FF1A8D29A89AB800A10EFA /* Build configuration list for PBXNativeTarget "OpenWeather" */;
			buildPhases = (
				AA5794127E94FDD5159E8E96 /* [CP] Check Pods Manifest.lock */,
				F1FF1A7529A89AB700A10EFA /* Sources */,
				F1FF1A7629A89AB700A10EFA /* Frameworks */,
				F1FF1A7729A89AB700A10EFA /* Resources */,
				0ABE7CE8EA6583EE033F7E98 /* [CP] Embed Pods Frameworks */,
			);
			buildRules = (
			);
			dependencies = (
			);
			name = OpenWeather;
			productName = OpenWeather;
			productReference = F1FF1A7929A89AB700A10EFA /* OpenWeather.app */;
			productType = "com.apple.product-type.application";
		};
/* End PBXNativeTarget section */

/* Begin PBXProject section */
		F1FF1A7129A89AB700A10EFA /* Project object */ = {
			isa = PBXProject;
			attributes = {
				BuildIndependentTargetsInParallel = 1;
				LastSwiftUpdateCheck = 1320;
				LastUpgradeCheck = 1320;
				TargetAttributes = {
					F1FF1A7829A89AB700A10EFA = {
						CreatedOnToolsVersion = 13.2;
					};
				};
			};
			buildConfigurationList = F1FF1A7429A89AB700A10EFA /* Build configuration list for PBXProject "OpenWeather" */;
			compatibilityVersion = "Xcode 13.0";
			developmentRegion = en;
			hasScannedForEncodings = 0;
			knownRegions = (
				en,
				Base,
			);
			mainGroup = F1FF1A7029A89AB700A10EFA;
			productRefGroup = F1FF1A7A29A89AB700A10EFA /* Products */;
			projectDirPath = "";
			projectRoot = "";
			targets = (
				F1FF1A7829A89AB700A10EFA /* OpenWeather */,
			);
		};
/* End PBXProject section */

/* Begin PBXResourcesBuildPhase section */
		F1FF1A7729A89AB700A10EFA /* Resources */ = {
			isa = PBXResourcesBuildPhase;
			buildActionMask = 2147483647;
			files = (
				F1FF1A8929A89AB800A10EFA /* LaunchScreen.storyboard in Resources */,
				F1FF1A8629A89AB800A10EFA /* Assets.xcassets in Resources */,
				F1FF1AD029A907C000A10EFA /* citylist.json in Resources */,
			);
			runOnlyForDeploymentPostprocessing = 0;
		};
/* End PBXResourcesBuildPhase section */

/* Begin PBXShellScriptBuildPhase section */
		0ABE7CE8EA6583EE033F7E98 /* [CP] Embed Pods Frameworks */ = {
			isa = PBXShellScriptBuildPhase;
			buildActionMask = 2147483647;
			files = (
			);
			inputFileListPaths = (
				"${PODS_ROOT}/Target Support Files/Pods-OpenWeather/Pods-OpenWeather-frameworks-${CONFIGURATION}-input-files.xcfilelist",
			);
			name = "[CP] Embed Pods Frameworks";
			outputFileListPaths = (
				"${PODS_ROOT}/Target Support Files/Pods-OpenWeather/Pods-OpenWeather-frameworks-${CONFIGURATION}-output-files.xcfilelist",
			);
			runOnlyForDeploymentPostprocessing = 0;
			shellPath = /bin/sh;
			shellScript = "\"${PODS_ROOT}/Target Support Files/Pods-OpenWeather/Pods-OpenWeather-frameworks.sh\"\n";
			showEnvVarsInLog = 0;
		};
		AA5794127E94FDD5159E8E96 /* [CP] Check Pods Manifest.lock */ = {
			isa = PBXShellScriptBuildPhase;
			buildActionMask = 2147483647;
			files = (
			);
			inputFileListPaths = (
			);
			inputPaths = (
				"${PODS_PODFILE_DIR_PATH}/Podfile.lock",
				"${PODS_ROOT}/Manifest.lock",
			);
			name = "[CP] Check Pods Manifest.lock";
			outputFileListPaths = (
			);
			outputPaths = (
				"$(DERIVED_FILE_DIR)/Pods-OpenWeather-checkManifestLockResult.txt",
			);
			runOnlyForDeploymentPostprocessing = 0;
			shellPath = /bin/sh;
			shellScript = "diff \"${PODS_PODFILE_DIR_PATH}/Podfile.lock\" \"${PODS_ROOT}/Manifest.lock\" > /dev/null\nif [ $? != 0 ] ; then\n    # print error to STDERR\n    echo \"error: The sandbox is not in sync with the Podfile.lock. Run 'pod install' or update your CocoaPods installation.\" >&2\n    exit 1\nfi\n# This output is used by Xcode 'outputs' to avoid re-running this script phase.\necho \"SUCCESS\" > \"${SCRIPT_OUTPUT_FILE_0}\"\n";
			showEnvVarsInLog = 0;
		};
/* End PBXShellScriptBuildPhase section */

/* Begin PBXSourcesBuildPhase section */
		F1FF1A7529A89AB700A10EFA /* Sources */ = {
			isa = PBXSourcesBuildPhase;
			buildActionMask = 2147483647;
			files = (
				F1FF1A9929A89D2000A10EFA /* SearchViewController.swift in Sources */,
				F1FF1AD729A908F800A10EFA /* LocalProvider.swift in Sources */,
				F1FF1AAC29A8A23D00A10EFA /* WeatherAPI.swift in Sources */,
				F1FF1A9B29A89D2500A10EFA /* SearchViewReactor.swift in Sources */,
				F1FF1AF329AA4F7300A10EFA /* MainSection.swift in Sources */,
				F1FF1AB129A8A76000A10EFA /* Encodable+.swift in Sources */,
				F1FF1AED29AA443500A10EFA /* SearchSection.swift in Sources */,
				F1FF1ABA29A8B83700A10EFA /* MainHeaderTableViewCell.swift in Sources */,
				F1FF1AC629A8CA1E00A10EFA /* Int+Date.swift in Sources */,
				F1FF1ADC29A909C100A10EFA /* LocalTarget.swift in Sources */,
				F1FF1AD229A9082500A10EFA /* City.swift in Sources */,
				F1FF1ABE29A8BB7C00A10EFA /* MainWeatherTableViewCell.swift in Sources */,
				F1FF1AF529AB2B3700A10EFA /* LocationManager.swift in Sources */,
				F1FF1AEB29A9EF2A00A10EFA /* UIColor+DesignSystem.swift in Sources */,
				F1FF1ADA29A9097C00A10EFA /* CityAPI.swift in Sources */,
				F1FF1AA429A8A03300A10EFA /* UICollectionView+.swift in Sources */,
				F1FF1AAF29A8A63F00A10EFA /* Weather.swift in Sources */,
				F1FF1AE029A9BF0200A10EFA /* SearchTableViewCell.swift in Sources */,
				F1FF1AA729A8A0A600A10EFA /* Host.swift in Sources */,
				F1FF1AC229A8BBD500A10EFA /* MainETCTCollectionTableViewCell.swift in Sources */,
				F1FF1AC829A8DDA900A10EFA /* MainTitleTableViewCell.swift in Sources */,
				F1FF1A9329A89D1000A10EFA /* MainViewController.swift in Sources */,
				F1FF1ACD29A8FEA300A10EFA /* MainETCCollectionViewCell.swift in Sources */,
				F1FF1AB329A8A82A00A10EFA /* MoyaProvider+.swift in Sources */,
				F1FF1AA229A8A02300A10EFA /* UITableView+.swift in Sources */,
				F1FF1AF929AB31DA00A10EFA /* UIScrollView+Rx.swift in Sources */,
				F1FF1A7D29A89AB700A10EFA /* AppDelegate.swift in Sources */,
				F1FF1AE829A9DD1800A10EFA /* Location.swift in Sources */,
				F1FF1AA029A8A00B00A10EFA /* Array+.swift in Sources */,
				F1FF1AE429A9C3B400A10EFA /* CommonTextField.swift in Sources */,
				F1FF1AC029A8BBB300A10EFA /* MainPrecipitationTableViewCell.swift in Sources */,
				F1FF1ACA29A8E2E900A10EFA /* DateManager.swift in Sources */,
				F1FF1ABC29A8BB4E00A10EFA /* MainTodayWeatherCollectionTableViewCell.swift in Sources */,
				F1FF1A9D29A89D2900A10EFA /* SearchView.swift in Sources */,
				F1FF1A7F29A89AB700A10EFA /* SceneDelegate.swift in Sources */,
				F1FF1A9729A89D1900A10EFA /* MainView.swift in Sources */,
				F1FF1AEF29AA4A4F00A10EFA /* UIViewController+Rx.swift in Sources */,
				F1FF1AA929A8A14700A10EFA /* APIKey.swift in Sources */,
				F1FF1A9529A89D1500A10EFA /* MainViewReactor.swift in Sources */,
				F1FF1AC429A8BC5900A10EFA /* MainTodayWeatherCollectionViewCell.swift in Sources */,
				F1FF1AF129AA4A9200A10EFA /* UITableView+Rx.swift in Sources */,
			);
			runOnlyForDeploymentPostprocessing = 0;
		};
/* End PBXSourcesBuildPhase section */

/* Begin PBXVariantGroup section */
		F1FF1A8729A89AB800A10EFA /* LaunchScreen.storyboard */ = {
			isa = PBXVariantGroup;
			children = (
				F1FF1A8829A89AB800A10EFA /* Base */,
			);
			name = LaunchScreen.storyboard;
			sourceTree = "<group>";
		};
/* End PBXVariantGroup section */

/* Begin XCBuildConfiguration section */
		F1FF1A8B29A89AB800A10EFA /* Debug */ = {
			isa = XCBuildConfiguration;
			buildSettings = {
				ALWAYS_SEARCH_USER_PATHS = NO;
				CLANG_ANALYZER_NONNULL = YES;
				CLANG_ANALYZER_NUMBER_OBJECT_CONVERSION = YES_AGGRESSIVE;
				CLANG_CXX_LANGUAGE_STANDARD = "gnu++17";
				CLANG_CXX_LIBRARY = "libc++";
				CLANG_ENABLE_MODULES = YES;
				CLANG_ENABLE_OBJC_ARC = YES;
				CLANG_ENABLE_OBJC_WEAK = YES;
				CLANG_WARN_BLOCK_CAPTURE_AUTORELEASING = YES;
				CLANG_WARN_BOOL_CONVERSION = YES;
				CLANG_WARN_COMMA = YES;
				CLANG_WARN_CONSTANT_CONVERSION = YES;
				CLANG_WARN_DEPRECATED_OBJC_IMPLEMENTATIONS = YES;
				CLANG_WARN_DIRECT_OBJC_ISA_USAGE = YES_ERROR;
				CLANG_WARN_DOCUMENTATION_COMMENTS = YES;
				CLANG_WARN_EMPTY_BODY = YES;
				CLANG_WARN_ENUM_CONVERSION = YES;
				CLANG_WARN_INFINITE_RECURSION = YES;
				CLANG_WARN_INT_CONVERSION = YES;
				CLANG_WARN_NON_LITERAL_NULL_CONVERSION = YES;
				CLANG_WARN_OBJC_IMPLICIT_RETAIN_SELF = YES;
				CLANG_WARN_OBJC_LITERAL_CONVERSION = YES;
				CLANG_WARN_OBJC_ROOT_CLASS = YES_ERROR;
				CLANG_WARN_QUOTED_INCLUDE_IN_FRAMEWORK_HEADER = YES;
				CLANG_WARN_RANGE_LOOP_ANALYSIS = YES;
				CLANG_WARN_STRICT_PROTOTYPES = YES;
				CLANG_WARN_SUSPICIOUS_MOVE = YES;
				CLANG_WARN_UNGUARDED_AVAILABILITY = YES_AGGRESSIVE;
				CLANG_WARN_UNREACHABLE_CODE = YES;
				CLANG_WARN__DUPLICATE_METHOD_MATCH = YES;
				COPY_PHASE_STRIP = NO;
				DEBUG_INFORMATION_FORMAT = dwarf;
				ENABLE_STRICT_OBJC_MSGSEND = YES;
				ENABLE_TESTABILITY = YES;
				GCC_C_LANGUAGE_STANDARD = gnu11;
				GCC_DYNAMIC_NO_PIC = NO;
				GCC_NO_COMMON_BLOCKS = YES;
				GCC_OPTIMIZATION_LEVEL = 0;
				GCC_PREPROCESSOR_DEFINITIONS = (
					"DEBUG=1",
					"$(inherited)",
				);
				GCC_WARN_64_TO_32_BIT_CONVERSION = YES;
				GCC_WARN_ABOUT_RETURN_TYPE = YES_ERROR;
				GCC_WARN_UNDECLARED_SELECTOR = YES;
				GCC_WARN_UNINITIALIZED_AUTOS = YES_AGGRESSIVE;
				GCC_WARN_UNUSED_FUNCTION = YES;
				GCC_WARN_UNUSED_VARIABLE = YES;
				IPHONEOS_DEPLOYMENT_TARGET = 15.2;
				MTL_ENABLE_DEBUG_INFO = INCLUDE_SOURCE;
				MTL_FAST_MATH = YES;
				ONLY_ACTIVE_ARCH = YES;
				SDKROOT = iphoneos;
				SWIFT_ACTIVE_COMPILATION_CONDITIONS = DEBUG;
				SWIFT_OPTIMIZATION_LEVEL = "-Onone";
			};
			name = Debug;
		};
		F1FF1A8C29A89AB800A10EFA /* Release */ = {
			isa = XCBuildConfiguration;
			buildSettings = {
				ALWAYS_SEARCH_USER_PATHS = NO;
				CLANG_ANALYZER_NONNULL = YES;
				CLANG_ANALYZER_NUMBER_OBJECT_CONVERSION = YES_AGGRESSIVE;
				CLANG_CXX_LANGUAGE_STANDARD = "gnu++17";
				CLANG_CXX_LIBRARY = "libc++";
				CLANG_ENABLE_MODULES = YES;
				CLANG_ENABLE_OBJC_ARC = YES;
				CLANG_ENABLE_OBJC_WEAK = YES;
				CLANG_WARN_BLOCK_CAPTURE_AUTORELEASING = YES;
				CLANG_WARN_BOOL_CONVERSION = YES;
				CLANG_WARN_COMMA = YES;
				CLANG_WARN_CONSTANT_CONVERSION = YES;
				CLANG_WARN_DEPRECATED_OBJC_IMPLEMENTATIONS = YES;
				CLANG_WARN_DIRECT_OBJC_ISA_USAGE = YES_ERROR;
				CLANG_WARN_DOCUMENTATION_COMMENTS = YES;
				CLANG_WARN_EMPTY_BODY = YES;
				CLANG_WARN_ENUM_CONVERSION = YES;
				CLANG_WARN_INFINITE_RECURSION = YES;
				CLANG_WARN_INT_CONVERSION = YES;
				CLANG_WARN_NON_LITERAL_NULL_CONVERSION = YES;
				CLANG_WARN_OBJC_IMPLICIT_RETAIN_SELF = YES;
				CLANG_WARN_OBJC_LITERAL_CONVERSION = YES;
				CLANG_WARN_OBJC_ROOT_CLASS = YES_ERROR;
				CLANG_WARN_QUOTED_INCLUDE_IN_FRAMEWORK_HEADER = YES;
				CLANG_WARN_RANGE_LOOP_ANALYSIS = YES;
				CLANG_WARN_STRICT_PROTOTYPES = YES;
				CLANG_WARN_SUSPICIOUS_MOVE = YES;
				CLANG_WARN_UNGUARDED_AVAILABILITY = YES_AGGRESSIVE;
				CLANG_WARN_UNREACHABLE_CODE = YES;
				CLANG_WARN__DUPLICATE_METHOD_MATCH = YES;
				COPY_PHASE_STRIP = NO;
				DEBUG_INFORMATION_FORMAT = "dwarf-with-dsym";
				ENABLE_NS_ASSERTIONS = NO;
				ENABLE_STRICT_OBJC_MSGSEND = YES;
				GCC_C_LANGUAGE_STANDARD = gnu11;
				GCC_NO_COMMON_BLOCKS = YES;
				GCC_WARN_64_TO_32_BIT_CONVERSION = YES;
				GCC_WARN_ABOUT_RETURN_TYPE = YES_ERROR;
				GCC_WARN_UNDECLARED_SELECTOR = YES;
				GCC_WARN_UNINITIALIZED_AUTOS = YES_AGGRESSIVE;
				GCC_WARN_UNUSED_FUNCTION = YES;
				GCC_WARN_UNUSED_VARIABLE = YES;
				IPHONEOS_DEPLOYMENT_TARGET = 15.2;
				MTL_ENABLE_DEBUG_INFO = NO;
				MTL_FAST_MATH = YES;
				SDKROOT = iphoneos;
				SWIFT_COMPILATION_MODE = wholemodule;
				SWIFT_OPTIMIZATION_LEVEL = "-O";
				VALIDATE_PRODUCT = YES;
			};
			name = Release;
		};
		F1FF1A8E29A89AB800A10EFA /* Debug */ = {
			isa = XCBuildConfiguration;
			baseConfigurationReference = 4FFD56A9437572C36586E746 /* Pods-OpenWeather.debug.xcconfig */;
			buildSettings = {
				ASSETCATALOG_COMPILER_APPICON_NAME = AppIcon;
				ASSETCATALOG_COMPILER_GLOBAL_ACCENT_COLOR_NAME = AccentColor;
				CODE_SIGN_STYLE = Automatic;
				CURRENT_PROJECT_VERSION = 1;
				DEVELOPMENT_TEAM = 62ZLDXLZ77;
				GENERATE_INFOPLIST_FILE = YES;
				INFOPLIST_FILE = OpenWeather/Info.plist;
				INFOPLIST_KEY_UIApplicationSupportsIndirectInputEvents = YES;
				INFOPLIST_KEY_UILaunchStoryboardName = LaunchScreen;
				INFOPLIST_KEY_UISupportedInterfaceOrientations_iPad = "UIInterfaceOrientationPortrait UIInterfaceOrientationPortraitUpsideDown UIInterfaceOrientationLandscapeLeft UIInterfaceOrientationLandscapeRight";
				INFOPLIST_KEY_UISupportedInterfaceOrientations_iPhone = "UIInterfaceOrientationPortrait UIInterfaceOrientationLandscapeLeft UIInterfaceOrientationLandscapeRight";
				LD_RUNPATH_SEARCH_PATHS = (
					"$(inherited)",
					"@executable_path/Frameworks",
				);
				MARKETING_VERSION = 1.0.0;
				PRODUCT_BUNDLE_IDENTIFIER = hogumachu.OpenWeather;
				PRODUCT_NAME = "$(TARGET_NAME)";
				SWIFT_EMIT_LOC_STRINGS = YES;
				SWIFT_VERSION = 5.0;
				TARGETED_DEVICE_FAMILY = "1,2";
			};
			name = Debug;
		};
		F1FF1A8F29A89AB800A10EFA /* Release */ = {
			isa = XCBuildConfiguration;
			baseConfigurationReference = A1A527F54DE1C814ADAFCE48 /* Pods-OpenWeather.release.xcconfig */;
			buildSettings = {
				ASSETCATALOG_COMPILER_APPICON_NAME = AppIcon;
				ASSETCATALOG_COMPILER_GLOBAL_ACCENT_COLOR_NAME = AccentColor;
				CODE_SIGN_STYLE = Automatic;
				CURRENT_PROJECT_VERSION = 1;
				DEVELOPMENT_TEAM = 62ZLDXLZ77;
				GENERATE_INFOPLIST_FILE = YES;
				INFOPLIST_FILE = OpenWeather/Info.plist;
				INFOPLIST_KEY_UIApplicationSupportsIndirectInputEvents = YES;
				INFOPLIST_KEY_UILaunchStoryboardName = LaunchScreen;
				INFOPLIST_KEY_UISupportedInterfaceOrientations_iPad = "UIInterfaceOrientationPortrait UIInterfaceOrientationPortraitUpsideDown UIInterfaceOrientationLandscapeLeft UIInterfaceOrientationLandscapeRight";
				INFOPLIST_KEY_UISupportedInterfaceOrientations_iPhone = "UIInterfaceOrientationPortrait UIInterfaceOrientationLandscapeLeft UIInterfaceOrientationLandscapeRight";
				LD_RUNPATH_SEARCH_PATHS = (
					"$(inherited)",
					"@executable_path/Frameworks",
				);
				MARKETING_VERSION = 1.0.0;
				PRODUCT_BUNDLE_IDENTIFIER = hogumachu.OpenWeather;
				PRODUCT_NAME = "$(TARGET_NAME)";
				SWIFT_EMIT_LOC_STRINGS = YES;
				SWIFT_VERSION = 5.0;
				TARGETED_DEVICE_FAMILY = "1,2";
			};
			name = Release;
		};
/* End XCBuildConfiguration section */

/* Begin XCConfigurationList section */
		F1FF1A7429A89AB700A10EFA /* Build configuration list for PBXProject "OpenWeather" */ = {
			isa = XCConfigurationList;
			buildConfigurations = (
				F1FF1A8B29A89AB800A10EFA /* Debug */,
				F1FF1A8C29A89AB800A10EFA /* Release */,
			);
			defaultConfigurationIsVisible = 0;
			defaultConfigurationName = Release;
		};
		F1FF1A8D29A89AB800A10EFA /* Build configuration list for PBXNativeTarget "OpenWeather" */ = {
			isa = XCConfigurationList;
			buildConfigurations = (
				F1FF1A8E29A89AB800A10EFA /* Debug */,
				F1FF1A8F29A89AB800A10EFA /* Release */,
			);
			defaultConfigurationIsVisible = 0;
			defaultConfigurationName = Release;
		};
/* End XCConfigurationList section */
	};
	rootObject = F1FF1A7129A89AB700A10EFA /* Project object */;
}
